
Microsoft Visual Studio Solution File, Format Version 12.00
# Visual Studio Version 17
VisualStudioVersion = 17.11.35327.3
MinimumVisualStudioVersion = 10.0.40219.1
Project("{FAE04EC0-301F-11D3-BF4B-00C04F79EFBC}") = "SignalRChat", "SignalRChat\SignalRChat.csproj", "{AEC6BEF7-8D0C-4D73-BC3F-9271AC548DB1}"
EndProject
Global
	GlobalSection(SolutionConfigurationPlatforms) = preSolution
		Debug|Any CPU = Debug|Any CPU
		Release|Any CPU = Release|Any CPU
	EndGlobalSection
	GlobalSection(ProjectConfigurationPlatforms) = postSolution
		{AEC6BEF7-8D0C-4D73-BC3F-9271AC548DB1}.Debug|Any CPU.ActiveCfg = Debug|Any CPU
		{AEC6BEF7-8D0C-4D73-BC3F-9271AC548DB1}.Debug|Any CPU.Build.0 = Debug|Any CPU
		{AEC6BEF7-8D0C-4D73-BC3F-9271AC548DB1}.Release|Any CPU.ActiveCfg = Release|Any CPU
		{AEC6BEF7-8D0C-4D73-BC3F-9271AC548DB1}.Release|Any CPU.Build.0 = Release|Any CPU
	EndGlobalSection
	GlobalSection(SolutionProperties) = preSolution
		HideSolutionNode = FALSE
	EndGlobalSection
	GlobalSection(ExtensibilityGlobals) = postSolution
		SolutionGuid = {1AA70FB8-3016-441F-A293-CB513AB2E497}
	EndGlobalSection
EndGlobal
